
Microsoft Visual Studio Solution File, Format Version 12.00
# Visual Studio Version 16
VisualStudioVersion = 16.0.30621.155
MinimumVisualStudioVersion = 10.0.40219.1
Project("{FAE04EC0-301F-11D3-BF4B-00C04F79EFBC}") = "ValueObjectApp", "ValueObjectApp\ValueObjectApp.csproj", "{EC678842-E06F-4F8D-AB0A-B962D171A412}"
EndProject
Project("{FAE04EC0-301F-11D3-BF4B-00C04F79EFBC}") = "Shared", "Shared\Shared.csproj", "{5104F915-46C2-4964-8B83-A538F64F647C}"
EndProject
Project("{FAE04EC0-301F-11D3-BF4B-00C04F79EFBC}") = "Core", "Core\Core.csproj", "{26B8A0AA-3920-48E2-8CEE-183C0D5E9191}"
EndProject
Global
	GlobalSection(SolutionConfigurationPlatforms) = preSolution
		Debug|Any CPU = Debug|Any CPU
		Release|Any CPU = Release|Any CPU
	EndGlobalSection
	GlobalSection(ProjectConfigurationPlatforms) = postSolution
		{EC678842-E06F-4F8D-AB0A-B962D171A412}.Debug|Any CPU.ActiveCfg = Debug|Any CPU
		{EC678842-E06F-4F8D-AB0A-B962D171A412}.Debug|Any CPU.Build.0 = Debug|Any CPU
		{EC678842-E06F-4F8D-AB0A-B962D171A412}.Release|Any CPU.ActiveCfg = Release|Any CPU
		{EC678842-E06F-4F8D-AB0A-B962D171A412}.Release|Any CPU.Build.0 = Release|Any CPU
		{5104F915-46C2-4964-8B83-A538F64F647C}.Debug|Any CPU.ActiveCfg = Debug|Any CPU
		{5104F915-46C2-4964-8B83-A538F64F647C}.Debug|Any CPU.Build.0 = Debug|Any CPU
		{5104F915-46C2-4964-8B83-A538F64F647C}.Release|Any CPU.ActiveCfg = Release|Any CPU
		{5104F915-46C2-4964-8B83-A538F64F647C}.Release|Any CPU.Build.0 = Release|Any CPU
		{26B8A0AA-3920-48E2-8CEE-183C0D5E9191}.Debug|Any CPU.ActiveCfg = Debug|Any CPU
		{26B8A0AA-3920-48E2-8CEE-183C0D5E9191}.Debug|Any CPU.Build.0 = Debug|Any CPU
		{26B8A0AA-3920-48E2-8CEE-183C0D5E9191}.Release|Any CPU.ActiveCfg = Release|Any CPU
		{26B8A0AA-3920-48E2-8CEE-183C0D5E9191}.Release|Any CPU.Build.0 = Release|Any CPU
	EndGlobalSection
	GlobalSection(SolutionProperties) = preSolution
		HideSolutionNode = FALSE
	EndGlobalSection
	GlobalSection(ExtensibilityGlobals) = postSolution
		SolutionGuid = {046CCED2-522A-4326-9864-E97660D9D4BC}
	EndGlobalSection
EndGlobal
